GEM
  remote: https://rubygems.org/
  specs:
    ansi (1.5.0)
    builder (3.3.0)
    command_kit (0.6.0)
    drb (2.2.3)
    minitest (6.0.2)
      drb (~> 2.0)
      prism (~> 1.5)
    minitest-reporters (1.7.1)
      ansi
      builder
      minitest (>= 5.0)
      ruby-progressbar
    prism (1.9.0)
    rake (13.3.1)
    ruby-filemagic (0.7.3)
    ruby-progressbar (1.13.0)
    warning (1.5.0)

PLATFORMS
  arm64-darwin-24
  ruby

DEPENDENCIES
  command_kit
  minitest (~> 6.0)
  minitest-reporters (~> 1.7)
  rake (~> 13.3)
  ruby-filemagic (~> 0.7.3)
  warning (~> 1.5)

CHECKSUMS
  ansi (1.5.0) sha256=5408253274e33d9d27d4a98c46d2998266fd51cba58a7eb9d08f50e57ed23592
  builder (3.3.0) sha256=497918d2f9dca528fdca4b88d84e4ef4387256d984b8154e9d5d3fe5a9c8835f
  command_kit (0.6.0) sha256=e57f29cf5aee4f571c210041d910ff87f85749e42dfe75139c57cc93d84afa90
  drb (2.2.3) sha256=0b00d6fdb50995fe4a45dea13663493c841112e4068656854646f418fda13373
  minitest (6.0.2) sha256=db6e57956f6ecc6134683b4c87467d6dd792323c7f0eea7b93f66bd284adbc3d
  minitest-reporters (1.7.1) sha256=5060413a0c95b8c32fe73e0606f3631c173a884d7900e50013e15094eb50562c
  prism (1.9.0) sha256=7b530c6a9f92c24300014919c9dcbc055bf4cdf51ec30aed099b06cd6674ef85
  rake (13.3.1) sha256=8c9e89d09f66a26a01264e7e3480ec0607f0c497a861ef16063604b1b08eb19c
  ruby-filemagic (0.7.3) sha256=9dedfac69c737be29efb4542a280e345a70ba2b6ba905a518abd9998c8f3a7d9
  ruby-progressbar (1.13.0) sha256=80fc9c47a9b640d6834e0dc7b3c94c9df37f08cb072b7761e4a71e22cff29b33
  warning (1.5.0) sha256=0f12c49fea0c06757778eefdcc7771e4fd99308901e3d55c504d87afdd718c53

BUNDLED WITH
  4.0.3
